# This file is automatically @generated by Cargo.
# It is not intended for manual editing.
version = 3

[[package]]
name = "jotdown"
version = "0.2.0"
source = "registry+https://github.com/rust-lang/crates.io-index"
checksum = "784bf7de67dfc6d515d3914d634fa00717e78449c0db9c6595c8658ce7868798"

[[package]]
name = "tumbleweed"
version = "0.1.0"
dependencies = [
 "jotdown",
]
